
Microsoft Visual Studio Solution File, Format Version 12.00
# Visual Studio Version 17
VisualStudioVersion = 17.7.34031.279
MinimumVisualStudioVersion = 10.0.40219.1
Project("{9A19103F-16F7-4668-BE54-9A1E7A4F7556}") = "DBRelations", "DBRelations\DBRelations.csproj", "{EFDEBBCB-281D-4F36-937D-F9729B7C3E80}"
EndProject
Project("{9A19103F-16F7-4668-BE54-9A1E7A4F7556}") = "One_to_Many_Relationship", "One_to_Many_Relationship\One_to_Many_Relationship.csproj", "{82CD8FE0-E995-4EB7-B4EE-37C6C19E9557}"
EndProject
Project("{9A19103F-16F7-4668-BE54-9A1E7A4F7556}") = "Many_to_Many_Relationship", "Many_to_Many_Relationship\Many_to_Many_Relationship.csproj", "{02E75EC0-F618-4454-AE7F-B91B18DF7B3E}"
EndProject
Project("{9A19103F-16F7-4668-BE54-9A1E7A4F7556}") = "Backing_Fields", "Backing_Fields\Backing_Fields.csproj", "{1A771EC1-115B-4D93-9408-27BE90AFD8CC}"
EndProject
Project("{9A19103F-16F7-4668-BE54-9A1E7A4F7556}") = "Shadow_Property", "Shadow_Property\Shadow_Property.csproj", "{BA260C90-A510-4981-803D-FB13F7F7E12A}"
EndProject
Project("{9A19103F-16F7-4668-BE54-9A1E7A4F7556}") = "EF_Core_Configurations1", "EF_Core_Configurations1\EF_Core_Configurations1.csproj", "{E211FF85-FD9B-4A9E-AFD6-8AD630FB42D9}"
EndProject
Project("{9A19103F-16F7-4668-BE54-9A1E7A4F7556}") = "GeneratedValues", "GeneratedValues\GeneratedValues.csproj", "{3CA3A58E-9739-48D1-A872-FD6FEB395071}"
EndProject
Project("{FAE04EC0-301F-11D3-BF4B-00C04F79EFBC}") = "Config_Classes", "Config_Classes\Config_Classes.csproj", "{5DBF294D-A797-4D82-A66C-92C930B7C943}"
EndProject
Global
	GlobalSection(SolutionConfigurationPlatforms) = preSolution
		Debug|Any CPU = Debug|Any CPU
		Release|Any CPU = Release|Any CPU
	EndGlobalSection
	GlobalSection(ProjectConfigurationPlatforms) = postSolution
		{EFDEBBCB-281D-4F36-937D-F9729B7C3E80}.Debug|Any CPU.ActiveCfg = Debug|Any CPU
		{EFDEBBCB-281D-4F36-937D-F9729B7C3E80}.Debug|Any CPU.Build.0 = Debug|Any CPU
		{EFDEBBCB-281D-4F36-937D-F9729B7C3E80}.Release|Any CPU.ActiveCfg = Release|Any CPU
		{EFDEBBCB-281D-4F36-937D-F9729B7C3E80}.Release|Any CPU.Build.0 = Release|Any CPU
		{82CD8FE0-E995-4EB7-B4EE-37C6C19E9557}.Debug|Any CPU.ActiveCfg = Debug|Any CPU
		{82CD8FE0-E995-4EB7-B4EE-37C6C19E9557}.Debug|Any CPU.Build.0 = Debug|Any CPU
		{82CD8FE0-E995-4EB7-B4EE-37C6C19E9557}.Release|Any CPU.ActiveCfg = Release|Any CPU
		{82CD8FE0-E995-4EB7-B4EE-37C6C19E9557}.Release|Any CPU.Build.0 = Release|Any CPU
		{02E75EC0-F618-4454-AE7F-B91B18DF7B3E}.Debug|Any CPU.ActiveCfg = Debug|Any CPU
		{02E75EC0-F618-4454-AE7F-B91B18DF7B3E}.Debug|Any CPU.Build.0 = Debug|Any CPU
		{02E75EC0-F618-4454-AE7F-B91B18DF7B3E}.Release|Any CPU.ActiveCfg = Release|Any CPU
		{02E75EC0-F618-4454-AE7F-B91B18DF7B3E}.Release|Any CPU.Build.0 = Release|Any CPU
		{1A771EC1-115B-4D93-9408-27BE90AFD8CC}.Debug|Any CPU.ActiveCfg = Debug|Any CPU
		{1A771EC1-115B-4D93-9408-27BE90AFD8CC}.Debug|Any CPU.Build.0 = Debug|Any CPU
		{1A771EC1-115B-4D93-9408-27BE90AFD8CC}.Release|Any CPU.ActiveCfg = Release|Any CPU
		{1A771EC1-115B-4D93-9408-27BE90AFD8CC}.Release|Any CPU.Build.0 = Release|Any CPU
		{BA260C90-A510-4981-803D-FB13F7F7E12A}.Debug|Any CPU.ActiveCfg = Debug|Any CPU
		{BA260C90-A510-4981-803D-FB13F7F7E12A}.Debug|Any CPU.Build.0 = Debug|Any CPU
		{BA260C90-A510-4981-803D-FB13F7F7E12A}.Release|Any CPU.ActiveCfg = Release|Any CPU
		{BA260C90-A510-4981-803D-FB13F7F7E12A}.Release|Any CPU.Build.0 = Release|Any CPU
		{E211FF85-FD9B-4A9E-AFD6-8AD630FB42D9}.Debug|Any CPU.ActiveCfg = Debug|Any CPU
		{E211FF85-FD9B-4A9E-AFD6-8AD630FB42D9}.Debug|Any CPU.Build.0 = Debug|Any CPU
		{E211FF85-FD9B-4A9E-AFD6-8AD630FB42D9}.Release|Any CPU.ActiveCfg = Release|Any CPU
		{E211FF85-FD9B-4A9E-AFD6-8AD630FB42D9}.Release|Any CPU.Build.0 = Release|Any CPU
		{3CA3A58E-9739-48D1-A872-FD6FEB395071}.Debug|Any CPU.ActiveCfg = Debug|Any CPU
		{3CA3A58E-9739-48D1-A872-FD6FEB395071}.Debug|Any CPU.Build.0 = Debug|Any CPU
		{3CA3A58E-9739-48D1-A872-FD6FEB395071}.Release|Any CPU.ActiveCfg = Release|Any CPU
		{3CA3A58E-9739-48D1-A872-FD6FEB395071}.Release|Any CPU.Build.0 = Release|Any CPU
		{5DBF294D-A797-4D82-A66C-92C930B7C943}.Debug|Any CPU.ActiveCfg = Debug|Any CPU
		{5DBF294D-A797-4D82-A66C-92C930B7C943}.Debug|Any CPU.Build.0 = Debug|Any CPU
		{5DBF294D-A797-4D82-A66C-92C930B7C943}.Release|Any CPU.ActiveCfg = Release|Any CPU
		{5DBF294D-A797-4D82-A66C-92C930B7C943}.Release|Any CPU.Build.0 = Release|Any CPU
	EndGlobalSection
	GlobalSection(SolutionProperties) = preSolution
		HideSolutionNode = FALSE
	EndGlobalSection
	GlobalSection(ExtensibilityGlobals) = postSolution
		SolutionGuid = {7CC62189-814F-408A-A758-52CE8B58AFC7}
	EndGlobalSection
EndGlobal
